// !$*UTF8*$!
{
	archiveVersion = 1;
	classes = {
	};
	objectVersion = 46;
	objects = {

/* Begin PBXBuildFile section */
		9BAA7F101B4AF5780001D4B8 /* TLBundleExtension.swift in Sources */ = {isa = PBXBuildFile; fileRef = 9BAA7F0C1B4AF5780001D4B8 /* TLBundleExtension.swift */; };
		9BAA7F111B4AF5780001D4B8 /* TLMetaResolver.swift in Sources */ = {isa = PBXBuildFile; fileRef = 9BAA7F0D1B4AF5780001D4B8 /* TLMetaResolver.swift */; };
		9BAA7F121B4AF5780001D4B8 /* TLNativeAppActivity.swift in Sources */ = {isa = PBXBuildFile; fileRef = 9BAA7F0E1B4AF5780001D4B8 /* TLNativeAppActivity.swift */; };
		9BAA7F191B4AF58A0001D4B8 /* iconMask.png in Resources */ = {isa = PBXBuildFile; fileRef = 9BAA7F151B4AF58A0001D4B8 /* iconMask.png */; };
		9BAA7F1A1B4AF58A0001D4B8 /* iconMask@2x.png in Resources */ = {isa = PBXBuildFile; fileRef = 9BAA7F161B4AF58A0001D4B8 /* iconMask@2x.png */; };
		9BAA7F1B1B4AF58A0001D4B8 /* TLMetaParser.js in Resources */ = {isa = PBXBuildFile; fileRef = 9BAA7F171B4AF58A0001D4B8 /* TLMetaParser.js */; };
		9BAB57491ABB52F20052A188 /* AppDelegate.swift in Sources */ = {isa = PBXBuildFile; fileRef = 9BAB57481ABB52F20052A188 /* AppDelegate.swift */; };
		9BAB574E1ABB52F20052A188 /* Main.storyboard in Resources */ = {isa = PBXBuildFile; fileRef = 9BAB574C1ABB52F20052A188 /* Main.storyboard */; };
		9BAB57501ABB52F20052A188 /* Images.xcassets in Resources */ = {isa = PBXBuildFile; fileRef = 9BAB574F1ABB52F20052A188 /* Images.xcassets */; };
		9BAB57531ABB52F20052A188 /* LaunchScreen.xib in Resources */ = {isa = PBXBuildFile; fileRef = 9BAB57511ABB52F20052A188 /* LaunchScreen.xib */; };
		9BAB576A1ABB54050052A188 /* FirstViewController.swift in Sources */ = {isa = PBXBuildFile; fileRef = 9BAB57681ABB54050052A188 /* FirstViewController.swift */; };
		9BAB576B1ABB54050052A188 /* SecondViewController.swift in Sources */ = {isa = PBXBuildFile; fileRef = 9BAB57691ABB54050052A188 /* SecondViewController.swift */; };
/* End PBXBuildFile section */

/* Begin PBXFileReference section */
		9BAA7F0C1B4AF5780001D4B8 /* TLBundleExtension.swift */ = {isa = PBXFileReference; fileEncoding = 4; lastKnownFileType = sourcecode.swift; path = TLBundleExtension.swift; sourceTree = "<group>"; };
		9BAA7F0D1B4AF5780001D4B8 /* TLMetaResolver.swift */ = {isa = PBXFileReference; fileEncoding = 4; lastKnownFileType = sourcecode.swift; path = TLMetaResolver.swift; sourceTree = "<group>"; };
		9BAA7F0E1B4AF5780001D4B8 /* TLNativeAppActivity.swift */ = {isa = PBXFileReference; fileEncoding = 4; lastKnownFileType = sourcecode.swift; path = TLNativeAppActivity.swift; sourceTree = "<group>"; };
		9BAA7F151B4AF58A0001D4B8 /* iconMask.png */ = {isa = PBXFileReference; lastKnownFileType = image.png; path = iconMask.png; sourceTree = "<group>"; };
		9BAA7F161B4AF58A0001D4B8 /* iconMask@2x.png */ = {isa = PBXFileReference; lastKnownFileType = image.png; path = "iconMask@2x.png"; sourceTree = "<group>"; };
		9BAA7F171B4AF58A0001D4B8 /* TLMetaParser.js */ = {isa = PBXFileReference; fileEncoding = 4; lastKnownFileType = sourcecode.javascript; path = TLMetaParser.js; sourceTree = "<group>"; };
		9BAB57431ABB52F20052A188 /* TLMetaResolverExample.app */ = {isa = PBXFileReference; explicitFileType = wrapper.application; includeInIndex = 0; path = TLMetaResolverExample.app; sourceTree = BUILT_PRODUCTS_DIR; };
		9BAB57471ABB52F20052A188 /* Info.plist */ = {isa = PBXFileReference; lastKnownFileType = text.plist.xml; path = Info.plist; sourceTree = "<group>"; };
		9BAB57481ABB52F20052A188 /* AppDelegate.swift */ = {isa = PBXFileReference; lastKnownFileType = sourcecode.swift; path = AppDelegate.swift; sourceTree = "<group>"; };
		9BAB574D1ABB52F20052A188 /* Base */ = {isa = PBXFileReference; lastKnownFileType = file.storyboard; name = Base; path = Base.lproj/Main.storyboard; sourceTree = "<group>"; };
		9BAB574F1ABB52F20052A188 /* Images.xcassets */ = {isa = PBXFileReference; lastKnownFileType = folder.assetcatalog; path = Images.xcassets; sourceTree = "<group>"; };
		9BAB57521ABB52F20052A188 /* Base */ = {isa = PBXFileReference; lastKnownFileType = file.xib; name = Base; path = Base.lproj/LaunchScreen.xib; sourceTree = "<group>"; };
		9BAB57681ABB54050052A188 /* FirstViewController.swift */ = {isa = PBXFileReference; fileEncoding = 4; lastKnownFileType = sourcecode.swift; path = FirstViewController.swift; sourceTree = "<group>"; };
		9BAB57691ABB54050052A188 /* SecondViewController.swift */ = {isa = PBXFileReference; fileEncoding = 4; lastKnownFileType = sourcecode.swift; path = SecondViewController.swift; sourceTree = "<group>"; };
/* End PBXFileReference section */

/* Begin PBXFrameworksBuildPhase section */
		9BAB57401ABB52F20052A188 /* Frameworks */ = {
			isa = PBXFrameworksBuildPhase;
			buildActionMask = 2147483647;
			files = (
			);
			runOnlyForDeploymentPostprocessing = 0;
		};
/* End PBXFrameworksBuildPhase section */

/* Begin PBXGroup section */
		9BAA7F0A1B4AF5780001D4B8 /* Classes */ = {
			isa = PBXGroup;
			children = (
				9BAA7F0C1B4AF5780001D4B8 /* TLBundleExtension.swift */,
				9BAA7F0D1B4AF5780001D4B8 /* TLMetaResolver.swift */,
				9BAA7F0E1B4AF5780001D4B8 /* TLNativeAppActivity.swift */,
			);
			name = Classes;
			path = ../../Pod/Classes;
			sourceTree = "<group>";
		};
		9BAA7F131B4AF58A0001D4B8 /* Assets */ = {
			isa = PBXGroup;
			children = (
				9BAA7F151B4AF58A0001D4B8 /* iconMask.png */,
				9BAA7F161B4AF58A0001D4B8 /* iconMask@2x.png */,
				9BAA7F171B4AF58A0001D4B8 /* TLMetaParser.js */,
			);
			name = Assets;
			path = ../../Pod/Assets;
			sourceTree = "<group>";
		};
		9BAB573A1ABB52F20052A188 = {
			isa = PBXGroup;
			children = (
				9BAB57451ABB52F20052A188 /* TLMetaResolverExample */,
				9BAB57441ABB52F20052A188 /* Products */,
			);
			sourceTree = "<group>";
		};
		9BAB57441ABB52F20052A188 /* Products */ = {
			isa = PBXGroup;
			children = (
				9BAB57431ABB52F20052A188 /* TLMetaResolverExample.app */,
			);
			name = Products;
			sourceTree = "<group>";
		};
		9BAB57451ABB52F20052A188 /* TLMetaResolverExample */ = {
			isa = PBXGroup;
			children = (
				9BAA7F0A1B4AF5780001D4B8 /* Classes */,
				9BAB57681ABB54050052A188 /* FirstViewController.swift */,
				9BAB57691ABB54050052A188 /* SecondViewController.swift */,
				9BAB57481ABB52F20052A188 /* AppDelegate.swift */,
				9BAB574C1ABB52F20052A188 /* Main.storyboard */,
				9BAB574F1ABB52F20052A188 /* Images.xcassets */,
				9BAB57511ABB52F20052A188 /* LaunchScreen.xib */,
				9BAB57461ABB52F20052A188 /* Supporting Files */,
			);
			path = TLMetaResolverExample;
			sourceTree = "<group>";
		};
		9BAB57461ABB52F20052A188 /* Supporting Files */ = {
			isa = PBXGroup;
			children = (
				9BAA7F131B4AF58A0001D4B8 /* Assets */,
				9BAB57471ABB52F20052A188 /* Info.plist */,
			);
			name = "Supporting Files";
			sourceTree = "<group>";
		};
/* End PBXGroup section */

/* Begin PBXNativeTarget section */
		9BAB57421ABB52F20052A188 /* TLMetaResolverExample */ = {
			isa = PBXNativeTarget;
			buildConfigurationList = 9BAB57621ABB52F20052A188 /* Build configuration list for PBXNativeTarget "TLMetaResolverExample" */;
			buildPhases = (
				9BAB573F1ABB52F20052A188 /* Sources */,
				9BAB57401ABB52F20052A188 /* Frameworks */,
				9BAB57411ABB52F20052A188 /* Resources */,
			);
			buildRules = (
			);
			dependencies = (
			);
			name = TLMetaResolverExample;
			productName = TLMetaResolverExample;
			productReference = 9BAB57431ABB52F20052A188 /* TLMetaResolverExample.app */;
			productType = "com.apple.product-type.application";
		};
/* End PBXNativeTarget section */

/* Begin PBXProject section */
		9BAB573B1ABB52F20052A188 /* Project object */ = {
			isa = PBXProject;
			attributes = {
				LastUpgradeCheck = 0620;
				ORGANIZATIONNAME = "Bruno Berisso";
				TargetAttributes = {
					9BAB57421ABB52F20052A188 = {
						CreatedOnToolsVersion = 6.2;
					};
				};
			};
			buildConfigurationList = 9BAB573E1ABB52F20052A188 /* Build configuration list for PBXProject "TLMetaResolverExample" */;
			compatibilityVersion = "Xcode 3.2";
			developmentRegion = English;
			hasScannedForEncodings = 0;
			knownRegions = (
				en,
				Base,
			);
			mainGroup = 9BAB573A1ABB52F20052A188;
			productRefGroup = 9BAB57441ABB52F20052A188 /* Products */;
			projectDirPath = "";
			projectRoot = "";
			targets = (
				9BAB57421ABB52F20052A188 /* TLMetaResolverExample */,
			);
		};
/* End PBXProject section */

/* Begin PBXResourcesBuildPhase section */
		9BAB57411ABB52F20052A188 /* Resources */ = {
			isa = PBXResourcesBuildPhase;
			buildActionMask = 2147483647;
			files = (
				9BAA7F191B4AF58A0001D4B8 /* iconMask.png in Resources */,
				9BAB574E1ABB52F20052A188 /* Main.storyboard in Resources */,
				9BAB57531ABB52F20052A188 /* LaunchScreen.xib in Resources */,
				9BAB57501ABB52F20052A188 /* Images.xcassets in Resources */,
				9BAA7F1B1B4AF58A0001D4B8 /* TLMetaParser.js in Resources */,
				9BAA7F1A1B4AF58A0001D4B8 /* iconMask@2x.png in Resources */,
			);
			runOnlyForDeploymentPostprocessing = 0;
		};
/* End PBXResourcesBuildPhase section */

/* Begin PBXSourcesBuildPhase section */
		9BAB573F1ABB52F20052A188 /* Sources */ = {
			isa = PBXSourcesBuildPhase;
			buildActionMask = 2147483647;
			files = (
				9BAB576B1ABB54050052A188 /* SecondViewController.swift in Sources */,
				9BAA7F121B4AF5780001D4B8 /* TLNativeAppActivity.swift in Sources */,
				9BAA7F111B4AF5780001D4B8 /* TLMetaResolver.swift in Sources */,
				9BAA7F101B4AF5780001D4B8 /* TLBundleExtension.swift in Sources */,
				9BAB57491ABB52F20052A188 /* AppDelegate.swift in Sources */,
				9BAB576A1ABB54050052A188 /* FirstViewController.swift in Sources */,
			);
			runOnlyForDeploymentPostprocessing = 0;
		};
/* End PBXSourcesBuildPhase section */

/* Begin PBXVariantGroup section */
		9BAB574C1ABB52F20052A188 /* Main.storyboard */ = {
			isa = PBXVariantGroup;
			children = (
				9BAB574D1ABB52F20052A188 /* Base */,
			);
			name = Main.storyboard;
			sourceTree = "<group>";
		};
		9BAB57511ABB52F20052A188 /* LaunchScreen.xib */ = {
			isa = PBXVariantGroup;
			children = (
				9BAB57521ABB52F20052A188 /* Base */,
			);
			name = LaunchScreen.xib;
			sourceTree = "<group>";
		};
/* End PBXVariantGroup section */

/* Begin XCBuildConfiguration section */
		9BAB57601ABB52F20052A188 /* Debug */ = {
			isa = XCBuildConfiguration;
			buildSettings = {
				ALWAYS_SEARCH_USER_PATHS = NO;
				CLANG_CXX_LANGUAGE_STANDARD = "gnu++0x";
				CLANG_CXX_LIBRARY = "libc++";
				CLANG_ENABLE_MODULES = YES;
				CLANG_ENABLE_OBJC_ARC = YES;
				CLANG_WARN_BOOL_CONVERSION = YES;
				CLANG_WARN_CONSTANT_CONVERSION = YES;
				CLANG_WARN_DIRECT_OBJC_ISA_USAGE = YES_ERROR;
				CLANG_WARN_EMPTY_BODY = YES;
				CLANG_WARN_ENUM_CONVERSION = YES;
				CLANG_WARN_INT_CONVERSION = YES;
				CLANG_WARN_OBJC_ROOT_CLASS = YES_ERROR;
				CLANG_WARN_UNREACHABLE_CODE = YES;
				CLANG_WARN__DUPLICATE_METHOD_MATCH = YES;
				"CODE_SIGN_IDENTITY[sdk=iphoneos*]" = "iPhone Developer";
				COPY_PHASE_STRIP = NO;
				ENABLE_STRICT_OBJC_MSGSEND = YES;
				GCC_C_LANGUAGE_STANDARD = gnu99;
				GCC_DYNAMIC_NO_PIC = NO;
				GCC_OPTIMIZATION_LEVEL = 0;
				GCC_PREPROCESSOR_DEFINITIONS = (
					"DEBUG=1",
					"$(inherited)",
				);
				GCC_SYMBOLS_PRIVATE_EXTERN = NO;
				GCC_WARN_64_TO_32_BIT_CONVERSION = YES;
				GCC_WARN_ABOUT_RETURN_TYPE = YES_ERROR;
				GCC_WARN_UNDECLARED_SELECTOR = YES;
				GCC_WARN_UNINITIALIZED_AUTOS = YES_AGGRESSIVE;
				GCC_WARN_UNUSED_FUNCTION = YES;
				GCC_WARN_UNUSED_VARIABLE = YES;
				IPHONEOS_DEPLOYMENT_TARGET = 8.2;
				MTL_ENABLE_DEBUG_INFO = YES;
				ONLY_ACTIVE_ARCH = YES;
				SDKROOT = iphoneos;
				SWIFT_OPTIMIZATION_LEVEL = "-Onone";
				TARGETED_DEVICE_FAMILY = "1,2";
			};
			name = Debug;
		};
		9BAB57611ABB52F20052A188 /* Release */ = {
			isa = XCBuildConfiguration;
			buildSettings = {
				ALWAYS_SEARCH_USER_PATHS = NO;
				CLANG_CXX_LANGUAGE_STANDARD = "gnu++0x";
				CLANG_CXX_LIBRARY = "libc++";
				CLANG_ENABLE_MODULES = YES;
				CLANG_ENABLE_OBJC_ARC = YES;
				CLANG_WARN_BOOL_CONVERSION = YES;
				CLANG_WARN_CONSTANT_CONVERSION = YES;
				CLANG_WARN_DIRECT_OBJC_ISA_USAGE = YES_ERROR;
				CLANG_WARN_EMPTY_BODY = YES;
				CLANG_WARN_ENUM_CONVERSION = YES;
				CLANG_WARN_INT_CONVERSION = YES;
				CLANG_WARN_OBJC_ROOT_CLASS = YES_ERROR;
				CLANG_WARN_UNREACHABLE_CODE = YES;
				CLANG_WARN__DUPLICATE_METHOD_MATCH = YES;
				"CODE_SIGN_IDENTITY[sdk=iphoneos*]" = "iPhone Developer";
				COPY_PHASE_STRIP = NO;
				ENABLE_NS_ASSERTIONS = NO;
				ENABLE_STRICT_OBJC_MSGSEND = YES;
				GCC_C_LANGUAGE_STANDARD = gnu99;
				GCC_WARN_64_TO_32_BIT_CONVERSION = YES;
				GCC_WARN_ABOUT_RETURN_TYPE = YES_ERROR;
				GCC_WARN_UNDECLARED_SELECTOR = YES;
				GCC_WARN_UNINITIALIZED_AUTOS = YES_AGGRESSIVE;
				GCC_WARN_UNUSED_FUNCTION = YES;
				GCC_WARN_UNUSED_VARIABLE = YES;
				IPHONEOS_DEPLOYMENT_TARGET = 8.2;
				MTL_ENABLE_DEBUG_INFO = NO;
				SDKROOT = iphoneos;
				TARGETED_DEVICE_FAMILY = "1,2";
				VALIDATE_PRODUCT = YES;
			};
			name = Release;
		};
		9BAB57631ABB52F20052A188 /* Debug */ = {
			isa = XCBuildConfiguration;
			buildSettings = {
				ASSETCATALOG_COMPILER_APPICON_NAME = AppIcon;
				INFOPLIST_FILE = TLMetaResolverExample/Info.plist;
				LD_RUNPATH_SEARCH_PATHS = "$(inherited) @executable_path/Frameworks";
				PRODUCT_NAME = "$(TARGET_NAME)";
			};
			name = Debug;
		};
		9BAB57641ABB52F20052A188 /* Release */ = {
			isa = XCBuildConfiguration;
			buildSettings = {
				ASSETCATALOG_COMPILER_APPICON_NAME = AppIcon;
				INFOPLIST_FILE = TLMetaResolverExample/Info.plist;
				LD_RUNPATH_SEARCH_PATHS = "$(inherited) @executable_path/Frameworks";
				PRODUCT_NAME = "$(TARGET_NAME)";
			};
			name = Release;
		};
/* End XCBuildConfiguration section */

/* Begin XCConfigurationList section */
		9BAB573E1ABB52F20052A188 /* Build configuration list for PBXProject "TLMetaResolverExample" */ = {
			isa = XCConfigurationList;
			buildConfigurations = (
				9BAB57601ABB52F20052A188 /* Debug */,
				9BAB57611ABB52F20052A188 /* Release */,
			);
			defaultConfigurationIsVisible = 0;
			defaultConfigurationName = Release;
		};
		9BAB57621ABB52F20052A188 /* Build configuration list for PBXNativeTarget "TLMetaResolverExample" */ = {
			isa = XCConfigurationList;
			buildConfigurations = (
				9BAB57631ABB52F20052A188 /* Debug */,
				9BAB57641ABB52F20052A188 /* Release */,
			);
			defaultConfigurationIsVisible = 0;
			defaultConfigurationName = Release;
		};
/* End XCConfigurationList section */
	};
	rootObject = 9BAB573B1ABB52F20052A188 /* Project object */;
}
